{
  "name": "resolucaosingenta_jeitosimples",
  "version": "1.0.0",
  "lockfileVersion": 2,
  "requires": true,
  "packages": {
    "": {
      "name": "resolucaosingenta_jeitosimples",
      "version": "1.0.0",
      "license": "ISC",
      "dependencies": {
        "node_modules-path": "^2.0.5"
      }
    },
    "node_modules/node_modules-path": {
      "version": "2.0.5",
      "resolved": "https://registry.npmjs.org/node_modules-path/-/node_modules-path-2.0.5.tgz",
      "integrity": "sha512-l5wyQWP56Gct/qpBV9lAJA9Al+WhwF0PTtfzpla8cd0wa735e03fhpV0wyN1MZHFm/yF9+kxPdBXxMVL8S73iQ==",
      "bin": {
        "node_modules": "bin.js"
      }
    }
  },
  "dependencies": {
    "node_modules-path": {
      "version": "2.0.5",
      "resolved": "https://registry.npmjs.org/node_modules-path/-/node_modules-path-2.0.5.tgz",
      "integrity": "sha512-l5wyQWP56Gct/qpBV9lAJA9Al+WhwF0PTtfzpla8cd0wa735e03fhpV0wyN1MZHFm/yF9+kxPdBXxMVL8S73iQ=="
    }
  }
}
